
Microsoft Visual Studio Solution File, Format Version 12.00
# Visual Studio Version 16
VisualStudioVersion = 16.0.30320.27
MinimumVisualStudioVersion = 10.0.40219.1
Project("{FAE04EC0-301F-11D3-BF4B-00C04F79EFBC}") = "TestMEApi", "TestMEApi\TestMEApi.csproj", "{811F2752-6735-40C4-B6A0-2AB73FC3FAA4}"
EndProject
Global
	GlobalSection(SolutionConfigurationPlatforms) = preSolution
		Debug|Any CPU = Debug|Any CPU
		Release|Any CPU = Release|Any CPU
	EndGlobalSection
	GlobalSection(ProjectConfigurationPlatforms) = postSolution
		{811F2752-6735-40C4-B6A0-2AB73FC3FAA4}.Debug|Any CPU.ActiveCfg = Debug|Any CPU
		{811F2752-6735-40C4-B6A0-2AB73FC3FAA4}.Debug|Any CPU.Build.0 = Debug|Any CPU
		{811F2752-6735-40C4-B6A0-2AB73FC3FAA4}.Release|Any CPU.ActiveCfg = Release|Any CPU
		{811F2752-6735-40C4-B6A0-2AB73FC3FAA4}.Release|Any CPU.Build.0 = Release|Any CPU
	EndGlobalSection
	GlobalSection(SolutionProperties) = preSolution
		HideSolutionNode = FALSE
	EndGlobalSection
	GlobalSection(ExtensibilityGlobals) = postSolution
		SolutionGuid = {C5EFA7D4-ECCC-4F67-B2A7-C3092ABFE529}
	EndGlobalSection
EndGlobal
